// !$*UTF8*$!
{
	archiveVersion = 1;
	classes = {
	};
	objectVersion = 46;
	objects = {

/* Begin PBXBuildFile section */
		0F3480DB1E297F6C0012B154 /* main.m in Sources */ = {isa = PBXBuildFile; fileRef = 0F3480DA1E297F6C0012B154 /* main.m */; };
		0F3480DE1E297F6C0012B154 /* AppDelegate.m in Sources */ = {isa = PBXBuildFile; fileRef = 0F3480DD1E297F6C0012B154 /* AppDelegate.m */; };
		0F3480E61E297F6D0012B154 /* Assets.xcassets in Resources */ = {isa = PBXBuildFile; fileRef = 0F3480E51E297F6D0012B154 /* Assets.xcassets */; };
		0F3480E91E297F6D0012B154 /* LaunchScreen.storyboard in Resources */ = {isa = PBXBuildFile; fileRef = 0F3480E71E297F6D0012B154 /* LaunchScreen.storyboard */; };
		0F3480F31E297FA40012B154 /* HomeViewController.m in Sources */ = {isa = PBXBuildFile; fileRef = 0F3480F11E297FA40012B154 /* HomeViewController.m */; };
		0F3480F41E297FA40012B154 /* HomeViewController.xib in Resources */ = {isa = PBXBuildFile; fileRef = 0F3480F21E297FA40012B154 /* HomeViewController.xib */; };
		0F3480F81E2997350012B154 /* ResultViewController.m in Sources */ = {isa = PBXBuildFile; fileRef = 0F3480F61E2997350012B154 /* ResultViewController.m */; };
		0F3480F91E2997350012B154 /* ResultViewController.xib in Resources */ = {isa = PBXBuildFile; fileRef = 0F3480F71E2997350012B154 /* ResultViewController.xib */; };
		0F3B341F1E4A4D64007CD9AD /* QuizzViewController.m in Sources */ = {isa = PBXBuildFile; fileRef = 0F3B341D1E4A4D63007CD9AD /* QuizzViewController.m */; };
		0F3B34201E4A4D64007CD9AD /* QuizzViewController.xib in Resources */ = {isa = PBXBuildFile; fileRef = 0F3B341E1E4A4D64007CD9AD /* QuizzViewController.xib */; };
		0F3B34251E4A4DDC007CD9AD /* DetailQuizzViewController.m in Sources */ = {isa = PBXBuildFile; fileRef = 0F3B34231E4A4DDC007CD9AD /* DetailQuizzViewController.m */; };
		0F3B34261E4A4DDC007CD9AD /* DetailQuizzViewController.xib in Resources */ = {isa = PBXBuildFile; fileRef = 0F3B34241E4A4DDC007CD9AD /* DetailQuizzViewController.xib */; };
		0F3B342A1E4A4F53007CD9AD /* AVFoundation.framework in Frameworks */ = {isa = PBXBuildFile; fileRef = 0F3B34291E4A4F53007CD9AD /* AVFoundation.framework */; };
		2F65F1D31E2FBB9100646864 /* DetailViewController.m in Sources */ = {isa = PBXBuildFile; fileRef = 2F65F1D11E2FBB9100646864 /* DetailViewController.m */; };
		2F65F1D41E2FBB9100646864 /* DetailViewController.xib in Resources */ = {isa = PBXBuildFile; fileRef = 2F65F1D21E2FBB9100646864 /* DetailViewController.xib */; };
		2F6E5FA11E38EE8900F77936 /* ResultTrackCell.m in Sources */ = {isa = PBXBuildFile; fileRef = 2F6E5F9F1E38EE8900F77936 /* ResultTrackCell.m */; };
		2F6E5FA21E38EE8900F77936 /* ResultTrackCell.xib in Resources */ = {isa = PBXBuildFile; fileRef = 2F6E5FA01E38EE8900F77936 /* ResultTrackCell.xib */; };
		BF62268C1E378C99008520F6 /* ArtistViewController.m in Sources */ = {isa = PBXBuildFile; fileRef = BF62268A1E378C99008520F6 /* ArtistViewController.m */; };
		BF62268D1E378C9A008520F6 /* ArtistViewController.xib in Resources */ = {isa = PBXBuildFile; fileRef = BF62268B1E378C99008520F6 /* ArtistViewController.xib */; };
/* End PBXBuildFile section */

/* Begin PBXFileReference section */
		0F3480D61E297F6C0012B154 /* SpotifyProject.app */ = {isa = PBXFileReference; explicitFileType = wrapper.application; includeInIndex = 0; path = SpotifyProject.app; sourceTree = BUILT_PRODUCTS_DIR; };
		0F3480DA1E297F6C0012B154 /* main.m */ = {isa = PBXFileReference; lastKnownFileType = sourcecode.c.objc; path = main.m; sourceTree = "<group>"; };
		0F3480DC1E297F6C0012B154 /* AppDelegate.h */ = {isa = PBXFileReference; lastKnownFileType = sourcecode.c.h; path = AppDelegate.h; sourceTree = "<group>"; };
		0F3480DD1E297F6C0012B154 /* AppDelegate.m */ = {isa = PBXFileReference; lastKnownFileType = sourcecode.c.objc; path = AppDelegate.m; sourceTree = "<group>"; };
		0F3480E51E297F6D0012B154 /* Assets.xcassets */ = {isa = PBXFileReference; lastKnownFileType = folder.assetcatalog; path = Assets.xcassets; sourceTree = "<group>"; };
		0F3480E81E297F6D0012B154 /* Base */ = {isa = PBXFileReference; lastKnownFileType = file.storyboard; name = Base; path = Base.lproj/LaunchScreen.storyboard; sourceTree = "<group>"; };
		0F3480EA1E297F6D0012B154 /* Info.plist */ = {isa = PBXFileReference; lastKnownFileType = text.plist.xml; path = Info.plist; sourceTree = "<group>"; };
		0F3480F01E297FA40012B154 /* HomeViewController.h */ = {isa = PBXFileReference; fileEncoding = 4; lastKnownFileType = sourcecode.c.h; path = HomeViewController.h; sourceTree = "<group>"; };
		0F3480F11E297FA40012B154 /* HomeViewController.m */ = {isa = PBXFileReference; fileEncoding = 4; lastKnownFileType = sourcecode.c.objc; path = HomeViewController.m; sourceTree = "<group>"; };
		0F3480F21E297FA40012B154 /* HomeViewController.xib */ = {isa = PBXFileReference; fileEncoding = 4; lastKnownFileType = file.xib; path = HomeViewController.xib; sourceTree = "<group>"; };
		0F3480F51E2997350012B154 /* ResultViewController.h */ = {isa = PBXFileReference; fileEncoding = 4; lastKnownFileType = sourcecode.c.h; path = ResultViewController.h; sourceTree = "<group>"; };
		0F3480F61E2997350012B154 /* ResultViewController.m */ = {isa = PBXFileReference; fileEncoding = 4; lastKnownFileType = sourcecode.c.objc; path = ResultViewController.m; sourceTree = "<group>"; };
		0F3480F71E2997350012B154 /* ResultViewController.xib */ = {isa = PBXFileReference; fileEncoding = 4; lastKnownFileType = file.xib; path = ResultViewController.xib; sourceTree = "<group>"; };
		0F3B341C1E4A4D63007CD9AD /* QuizzViewController.h */ = {isa = PBXFileReference; fileEncoding = 4; lastKnownFileType = sourcecode.c.h; path = QuizzViewController.h; sourceTree = "<group>"; };
		0F3B341D1E4A4D63007CD9AD /* QuizzViewController.m */ = {isa = PBXFileReference; fileEncoding = 4; lastKnownFileType = sourcecode.c.objc; path = QuizzViewController.m; sourceTree = "<group>"; };
		0F3B341E1E4A4D64007CD9AD /* QuizzViewController.xib */ = {isa = PBXFileReference; fileEncoding = 4; lastKnownFileType = file.xib; path = QuizzViewController.xib; sourceTree = "<group>"; };
		0F3B34221E4A4DDC007CD9AD /* DetailQuizzViewController.h */ = {isa = PBXFileReference; fileEncoding = 4; lastKnownFileType = sourcecode.c.h; path = DetailQuizzViewController.h; sourceTree = "<group>"; };
		0F3B34231E4A4DDC007CD9AD /* DetailQuizzViewController.m */ = {isa = PBXFileReference; fileEncoding = 4; lastKnownFileType = sourcecode.c.objc; path = DetailQuizzViewController.m; sourceTree = "<group>"; };
		0F3B34241E4A4DDC007CD9AD /* DetailQuizzViewController.xib */ = {isa = PBXFileReference; fileEncoding = 4; lastKnownFileType = file.xib; path = DetailQuizzViewController.xib; sourceTree = "<group>"; };
		0F3B34291E4A4F53007CD9AD /* AVFoundation.framework */ = {isa = PBXFileReference; lastKnownFileType = wrapper.framework; name = AVFoundation.framework; path = System/Library/Frameworks/AVFoundation.framework; sourceTree = SDKROOT; };
		2F65F1D01E2FBB9100646864 /* DetailViewController.h */ = {isa = PBXFileReference; fileEncoding = 4; lastKnownFileType = sourcecode.c.h; path = DetailViewController.h; sourceTree = "<group>"; };
		2F65F1D11E2FBB9100646864 /* DetailViewController.m */ = {isa = PBXFileReference; fileEncoding = 4; lastKnownFileType = sourcecode.c.objc; path = DetailViewController.m; sourceTree = "<group>"; };
		2F65F1D21E2FBB9100646864 /* DetailViewController.xib */ = {isa = PBXFileReference; fileEncoding = 4; lastKnownFileType = file.xib; path = DetailViewController.xib; sourceTree = "<group>"; };
		2F6E5F9E1E38EE8900F77936 /* ResultTrackCell.h */ = {isa = PBXFileReference; fileEncoding = 4; lastKnownFileType = sourcecode.c.h; path = ResultTrackCell.h; sourceTree = "<group>"; };
		2F6E5F9F1E38EE8900F77936 /* ResultTrackCell.m */ = {isa = PBXFileReference; fileEncoding = 4; lastKnownFileType = sourcecode.c.objc; path = ResultTrackCell.m; sourceTree = "<group>"; };
		2F6E5FA01E38EE8900F77936 /* ResultTrackCell.xib */ = {isa = PBXFileReference; fileEncoding = 4; lastKnownFileType = file.xib; path = ResultTrackCell.xib; sourceTree = "<group>"; };
		BF6226891E378C99008520F6 /* ArtistViewController.h */ = {isa = PBXFileReference; fileEncoding = 4; lastKnownFileType = sourcecode.c.h; path = ArtistViewController.h; sourceTree = "<group>"; };
		BF62268A1E378C99008520F6 /* ArtistViewController.m */ = {isa = PBXFileReference; fileEncoding = 4; lastKnownFileType = sourcecode.c.objc; path = ArtistViewController.m; sourceTree = "<group>"; };
		BF62268B1E378C99008520F6 /* ArtistViewController.xib */ = {isa = PBXFileReference; fileEncoding = 4; lastKnownFileType = file.xib; path = ArtistViewController.xib; sourceTree = "<group>"; };
/* End PBXFileReference section */

/* Begin PBXFrameworksBuildPhase section */
		0F3480D31E297F6C0012B154 /* Frameworks */ = {
			isa = PBXFrameworksBuildPhase;
			buildActionMask = 2147483647;
			files = (
				0F3B342A1E4A4F53007CD9AD /* AVFoundation.framework in Frameworks */,
			);
			runOnlyForDeploymentPostprocessing = 0;
		};
/* End PBXFrameworksBuildPhase section */

/* Begin PBXGroup section */
		0F3480CD1E297F6C0012B154 = {
			isa = PBXGroup;
			children = (
				0F3480D81E297F6C0012B154 /* SpotifyProject */,
				0F3480D71E297F6C0012B154 /* Products */,
				0F3B34281E4A4F53007CD9AD /* Frameworks */,
			);
			sourceTree = "<group>";
		};
		0F3480D71E297F6C0012B154 /* Products */ = {
			isa = PBXGroup;
			children = (
				0F3480D61E297F6C0012B154 /* SpotifyProject.app */,
			);
			name = Products;
			sourceTree = "<group>";
		};
		0F3480D81E297F6C0012B154 /* SpotifyProject */ = {
			isa = PBXGroup;
			children = (
				0F3480DC1E297F6C0012B154 /* AppDelegate.h */,
				0F3480DD1E297F6C0012B154 /* AppDelegate.m */,
				0F3480FA1E2997440012B154 /* Home */,
				0F3480FB1E29974E0012B154 /* Result */,
				2F65F1D51E2FBBA000646864 /* Detail */,
				BF6226881E378C16008520F6 /* Artist */,
				0F3B34211E4A4D6D007CD9AD /* Quizz */,
				0F3480E51E297F6D0012B154 /* Assets.xcassets */,
				0F3480E71E297F6D0012B154 /* LaunchScreen.storyboard */,
				0F3480EA1E297F6D0012B154 /* Info.plist */,
				0F3480D91E297F6C0012B154 /* Supporting Files */,
			);
			path = SpotifyProject;
			sourceTree = "<group>";
		};
		0F3480D91E297F6C0012B154 /* Supporting Files */ = {
			isa = PBXGroup;
			children = (
				0F3480DA1E297F6C0012B154 /* main.m */,
			);
			name = "Supporting Files";
			sourceTree = "<group>";
		};
		0F3480FA1E2997440012B154 /* Home */ = {
			isa = PBXGroup;
			children = (
				0F3480F01E297FA40012B154 /* HomeViewController.h */,
				0F3480F11E297FA40012B154 /* HomeViewController.m */,
				0F3480F21E297FA40012B154 /* HomeViewController.xib */,
			);
			name = Home;
			sourceTree = "<group>";
		};
		0F3480FB1E29974E0012B154 /* Result */ = {
			isa = PBXGroup;
			children = (
				2F6E5FA31E38EE9200F77936 /* ResultTrackCell */,
				0F3480F51E2997350012B154 /* ResultViewController.h */,
				0F3480F61E2997350012B154 /* ResultViewController.m */,
				0F3480F71E2997350012B154 /* ResultViewController.xib */,
			);
			name = Result;
			sourceTree = "<group>";
		};
		0F3B34211E4A4D6D007CD9AD /* Quizz */ = {
			isa = PBXGroup;
			children = (
				0F3B34271E4A4DEB007CD9AD /* DetailQuizz */,
				0F3B341C1E4A4D63007CD9AD /* QuizzViewController.h */,
				0F3B341D1E4A4D63007CD9AD /* QuizzViewController.m */,
				0F3B341E1E4A4D64007CD9AD /* QuizzViewController.xib */,
			);
			name = Quizz;
			sourceTree = "<group>";
		};
		0F3B34271E4A4DEB007CD9AD /* DetailQuizz */ = {
			isa = PBXGroup;
			children = (
				0F3B34221E4A4DDC007CD9AD /* DetailQuizzViewController.h */,
				0F3B34231E4A4DDC007CD9AD /* DetailQuizzViewController.m */,
				0F3B34241E4A4DDC007CD9AD /* DetailQuizzViewController.xib */,
			);
			name = DetailQuizz;
			sourceTree = "<group>";
		};
		0F3B34281E4A4F53007CD9AD /* Frameworks */ = {
			isa = PBXGroup;
			children = (
				0F3B34291E4A4F53007CD9AD /* AVFoundation.framework */,
			);
			name = Frameworks;
			sourceTree = "<group>";
		};
		2F65F1D51E2FBBA000646864 /* Detail */ = {
			isa = PBXGroup;
			children = (
				2F65F1D01E2FBB9100646864 /* DetailViewController.h */,
				2F65F1D11E2FBB9100646864 /* DetailViewController.m */,
				2F65F1D21E2FBB9100646864 /* DetailViewController.xib */,
			);
			name = Detail;
			sourceTree = "<group>";
		};
		2F6E5FA31E38EE9200F77936 /* ResultTrackCell */ = {
			isa = PBXGroup;
			children = (
				2F6E5F9E1E38EE8900F77936 /* ResultTrackCell.h */,
				2F6E5F9F1E38EE8900F77936 /* ResultTrackCell.m */,
				2F6E5FA01E38EE8900F77936 /* ResultTrackCell.xib */,
			);
			name = ResultTrackCell;
			sourceTree = "<group>";
		};
		BF6226881E378C16008520F6 /* Artist */ = {
			isa = PBXGroup;
			children = (
				BF6226891E378C99008520F6 /* ArtistViewController.h */,
				BF62268A1E378C99008520F6 /* ArtistViewController.m */,
				BF62268B1E378C99008520F6 /* ArtistViewController.xib */,
			);
			name = Artist;
			sourceTree = "<group>";
		};
/* End PBXGroup section */

/* Begin PBXNativeTarget section */
		0F3480D51E297F6C0012B154 /* SpotifyProject */ = {
			isa = PBXNativeTarget;
			buildConfigurationList = 0F3480ED1E297F6D0012B154 /* Build configuration list for PBXNativeTarget "SpotifyProject" */;
			buildPhases = (
				0F3480D21E297F6C0012B154 /* Sources */,
				0F3480D31E297F6C0012B154 /* Frameworks */,
				0F3480D41E297F6C0012B154 /* Resources */,
			);
			buildRules = (
			);
			dependencies = (
			);
			name = SpotifyProject;
			productName = SpotifyProject;
			productReference = 0F3480D61E297F6C0012B154 /* SpotifyProject.app */;
			productType = "com.apple.product-type.application";
		};
/* End PBXNativeTarget section */

/* Begin PBXProject section */
		0F3480CE1E297F6C0012B154 /* Project object */ = {
			isa = PBXProject;
			attributes = {
				LastUpgradeCheck = 0800;
				ORGANIZATIONNAME = "TRAING Serey";
				TargetAttributes = {
					0F3480D51E297F6C0012B154 = {
						CreatedOnToolsVersion = 8.0;
						ProvisioningStyle = Automatic;
					};
				};
			};
			buildConfigurationList = 0F3480D11E297F6C0012B154 /* Build configuration list for PBXProject "SpotifyProject" */;
			compatibilityVersion = "Xcode 3.2";
			developmentRegion = English;
			hasScannedForEncodings = 0;
			knownRegions = (
				en,
				Base,
			);
			mainGroup = 0F3480CD1E297F6C0012B154;
			productRefGroup = 0F3480D71E297F6C0012B154 /* Products */;
			projectDirPath = "";
			projectRoot = "";
			targets = (
				0F3480D51E297F6C0012B154 /* SpotifyProject */,
			);
		};
/* End PBXProject section */

/* Begin PBXResourcesBuildPhase section */
		0F3480D41E297F6C0012B154 /* Resources */ = {
			isa = PBXResourcesBuildPhase;
			buildActionMask = 2147483647;
			files = (
				0F3480E91E297F6D0012B154 /* LaunchScreen.storyboard in Resources */,
				2F6E5FA21E38EE8900F77936 /* ResultTrackCell.xib in Resources */,
				0F3B34201E4A4D64007CD9AD /* QuizzViewController.xib in Resources */,
				0F3B34261E4A4DDC007CD9AD /* DetailQuizzViewController.xib in Resources */,
				BF62268D1E378C9A008520F6 /* ArtistViewController.xib in Resources */,
				0F3480E61E297F6D0012B154 /* Assets.xcassets in Resources */,
				2F65F1D41E2FBB9100646864 /* DetailViewController.xib in Resources */,
				0F3480F41E297FA40012B154 /* HomeViewController.xib in Resources */,
				0F3480F91E2997350012B154 /* ResultViewController.xib in Resources */,
			);
			runOnlyForDeploymentPostprocessing = 0;
		};
/* End PBXResourcesBuildPhase section */

/* Begin PBXSourcesBuildPhase section */
		0F3480D21E297F6C0012B154 /* Sources */ = {
			isa = PBXSourcesBuildPhase;
			buildActionMask = 2147483647;
			files = (
				0F3B34251E4A4DDC007CD9AD /* DetailQuizzViewController.m in Sources */,
				2F65F1D31E2FBB9100646864 /* DetailViewController.m in Sources */,
				BF62268C1E378C99008520F6 /* ArtistViewController.m in Sources */,
				0F3B341F1E4A4D64007CD9AD /* QuizzViewController.m in Sources */,
				0F3480DE1E297F6C0012B154 /* AppDelegate.m in Sources */,
				0F3480DB1E297F6C0012B154 /* main.m in Sources */,
				0F3480F31E297FA40012B154 /* HomeViewController.m in Sources */,
				0F3480F81E2997350012B154 /* ResultViewController.m in Sources */,
				2F6E5FA11E38EE8900F77936 /* ResultTrackCell.m in Sources */,
			);
			runOnlyForDeploymentPostprocessing = 0;
		};
/* End PBXSourcesBuildPhase section */

/* Begin PBXVariantGroup section */
		0F3480E71E297F6D0012B154 /* LaunchScreen.storyboard */ = {
			isa = PBXVariantGroup;
			children = (
				0F3480E81E297F6D0012B154 /* Base */,
			);
			name = LaunchScreen.storyboard;
			sourceTree = "<group>";
		};
/* End PBXVariantGroup section */

/* Begin XCBuildConfiguration section */
		0F3480EB1E297F6D0012B154 /* Debug */ = {
			isa = XCBuildConfiguration;
			buildSettings = {
				ALWAYS_SEARCH_USER_PATHS = NO;
				CLANG_ANALYZER_NONNULL = YES;
				CLANG_CXX_LANGUAGE_STANDARD = "gnu++0x";
				CLANG_CXX_LIBRARY = "libc++";
				CLANG_ENABLE_MODULES = YES;
				CLANG_ENABLE_OBJC_ARC = YES;
				CLANG_WARN_BOOL_CONVERSION = YES;
				CLANG_WARN_CONSTANT_CONVERSION = YES;
				CLANG_WARN_DIRECT_OBJC_ISA_USAGE = YES_ERROR;
				CLANG_WARN_DOCUMENTATION_COMMENTS = YES;
				CLANG_WARN_EMPTY_BODY = YES;
				CLANG_WARN_ENUM_CONVERSION = YES;
				CLANG_WARN_INFINITE_RECURSION = YES;
				CLANG_WARN_INT_CONVERSION = YES;
				CLANG_WARN_OBJC_ROOT_CLASS = YES_ERROR;
				CLANG_WARN_SUSPICIOUS_MOVES = YES;
				CLANG_WARN_UNREACHABLE_CODE = YES;
				CLANG_WARN__DUPLICATE_METHOD_MATCH = YES;
				"CODE_SIGN_IDENTITY[sdk=iphoneos*]" = "iPhone Developer";
				COPY_PHASE_STRIP = NO;
				DEBUG_INFORMATION_FORMAT = dwarf;
				ENABLE_STRICT_OBJC_MSGSEND = YES;
				ENABLE_TESTABILITY = YES;
				GCC_C_LANGUAGE_STANDARD = gnu99;
				GCC_DYNAMIC_NO_PIC = NO;
				GCC_NO_COMMON_BLOCKS = YES;
				GCC_OPTIMIZATION_LEVEL = 0;
				GCC_PREPROCESSOR_DEFINITIONS = (
					"DEBUG=1",
					"$(inherited)",
				);
				GCC_WARN_64_TO_32_BIT_CONVERSION = YES;
				GCC_WARN_ABOUT_RETURN_TYPE = YES_ERROR;
				GCC_WARN_UNDECLARED_SELECTOR = YES;
				GCC_WARN_UNINITIALIZED_AUTOS = YES_AGGRESSIVE;
				GCC_WARN_UNUSED_FUNCTION = YES;
				GCC_WARN_UNUSED_VARIABLE = YES;
				IPHONEOS_DEPLOYMENT_TARGET = 10.0;
				MTL_ENABLE_DEBUG_INFO = YES;
				ONLY_ACTIVE_ARCH = YES;
				SDKROOT = iphoneos;
			};
			name = Debug;
		};
		0F3480EC1E297F6D0012B154 /* Release */ = {
			isa = XCBuildConfiguration;
			buildSettings = {
				ALWAYS_SEARCH_USER_PATHS = NO;
				CLANG_ANALYZER_NONNULL = YES;
				CLANG_CXX_LANGUAGE_STANDARD = "gnu++0x";
				CLANG_CXX_LIBRARY = "libc++";
				CLANG_ENABLE_MODULES = YES;
				CLANG_ENABLE_OBJC_ARC = YES;
				CLANG_WARN_BOOL_CONVERSION = YES;
				CLANG_WARN_CONSTANT_CONVERSION = YES;
				CLANG_WARN_DIRECT_OBJC_ISA_USAGE = YES_ERROR;
				CLANG_WARN_DOCUMENTATION_COMMENTS = YES;
				CLANG_WARN_EMPTY_BODY = YES;
				CLANG_WARN_ENUM_CONVERSION = YES;
				CLANG_WARN_INFINITE_RECURSION = YES;
				CLANG_WARN_INT_CONVERSION = YES;
				CLANG_WARN_OBJC_ROOT_CLASS = YES_ERROR;
				CLANG_WARN_SUSPICIOUS_MOVES = YES;
				CLANG_WARN_UNREACHABLE_CODE = YES;
				CLANG_WARN__DUPLICATE_METHOD_MATCH = YES;
				"CODE_SIGN_IDENTITY[sdk=iphoneos*]" = "iPhone Developer";
				COPY_PHASE_STRIP = NO;
				DEBUG_INFORMATION_FORMAT = "dwarf-with-dsym";
				ENABLE_NS_ASSERTIONS = NO;
				ENABLE_STRICT_OBJC_MSGSEND = YES;
				GCC_C_LANGUAGE_STANDARD = gnu99;
				GCC_NO_COMMON_BLOCKS = YES;
				GCC_WARN_64_TO_32_BIT_CONVERSION = YES;
				GCC_WARN_ABOUT_RETURN_TYPE = YES_ERROR;
				GCC_WARN_UNDECLARED_SELECTOR = YES;
				GCC_WARN_UNINITIALIZED_AUTOS = YES_AGGRESSIVE;
				GCC_WARN_UNUSED_FUNCTION = YES;
				GCC_WARN_UNUSED_VARIABLE = YES;
				IPHONEOS_DEPLOYMENT_TARGET = 10.0;
				MTL_ENABLE_DEBUG_INFO = NO;
				SDKROOT = iphoneos;
				VALIDATE_PRODUCT = YES;
			};
			name = Release;
		};
		0F3480EE1E297F6D0012B154 /* Debug */ = {
			isa = XCBuildConfiguration;
			buildSettings = {
				ASSETCATALOG_COMPILER_APPICON_NAME = AppIcon;
				INFOPLIST_FILE = SpotifyProject/Info.plist;
				LD_RUNPATH_SEARCH_PATHS = "$(inherited) @executable_path/Frameworks";
				PRODUCT_BUNDLE_IDENTIFIER = alkrox.SpotifyProject;
				PRODUCT_NAME = "$(TARGET_NAME)";
			};
			name = Debug;
		};
		0F3480EF1E297F6D0012B154 /* Release */ = {
			isa = XCBuildConfiguration;
			buildSettings = {
				ASSETCATALOG_COMPILER_APPICON_NAME = AppIcon;
				INFOPLIST_FILE = SpotifyProject/Info.plist;
				LD_RUNPATH_SEARCH_PATHS = "$(inherited) @executable_path/Frameworks";
				PRODUCT_BUNDLE_IDENTIFIER = alkrox.SpotifyProject;
				PRODUCT_NAME = "$(TARGET_NAME)";
			};
			name = Release;
		};
/* End XCBuildConfiguration section */

/* Begin XCConfigurationList section */
		0F3480D11E297F6C0012B154 /* Build configuration list for PBXProject "SpotifyProject" */ = {
			isa = XCConfigurationList;
			buildConfigurations = (
				0F3480EB1E297F6D0012B154 /* Debug */,
				0F3480EC1E297F6D0012B154 /* Release */,
			);
			defaultConfigurationIsVisible = 0;
			defaultConfigurationName = Release;
		};
		0F3480ED1E297F6D0012B154 /* Build configuration list for PBXNativeTarget "SpotifyProject" */ = {
			isa = XCConfigurationList;
			buildConfigurations = (
				0F3480EE1E297F6D0012B154 /* Debug */,
				0F3480EF1E297F6D0012B154 /* Release */,
			);
			defaultConfigurationIsVisible = 0;
			defaultConfigurationName = Release;
		};
/* End XCConfigurationList section */
	};
	rootObject = 0F3480CE1E297F6C0012B154 /* Project object */;
}
